
Microsoft Visual Studio Solution File, Format Version 12.00
# Visual Studio Version 17
VisualStudioVersion = 17.14.36804.6
MinimumVisualStudioVersion = 10.0.40219.1
Project("{FAE04EC0-301F-11D3-BF4B-00C04F79EFBC}") = "ae-poc-identity-ui-lib", "ae-poc-identity-ui-lib\ae-poc-identity-ui-lib.csproj", "{A5416E86-E977-400C-9E69-A46BBAD50677}"
EndProject
Project("{FAE04EC0-301F-11D3-BF4B-00C04F79EFBC}") = "ae-poc-identity-ui-components", "ae-poc-identity-ui-components\ae-poc-identity-ui-components.csproj", "{58D8B239-32AC-8716-1CD8-C2BF6278F737}"
EndProject
Project("{FAE04EC0-301F-11D3-BF4B-00C04F79EFBC}") = "ae-poc-identity-ui-webasm", "ae-poc-identity-ui-webasm\ae-poc-identity-ui-webasm.csproj", "{50D41215-4D6F-4061-990E-A809DF128F49}"
EndProject
Project("{2150E333-8FDC-42A3-9474-1A3956D46DE8}") = "Solution Items", "Solution Items", "{8EC462FD-D22E-90A8-E5CE-7E832BA40C5D}"
	ProjectSection(SolutionItems) = preProject
		docker-compose.yml = docker-compose.yml
		LICENSE = LICENSE
		README.md = README.md
	EndProjectSection
EndProject
Project("{FAE04EC0-301F-11D3-BF4B-00C04F79EFBC}") = "ae-poc-identity-ui-tests", "ae-poc-identity-ui-tests\ae-poc-identity-ui-tests.csproj", "{E351F1D6-1F37-48BC-AC4A-4594DD0CCD0F}"
EndProject
Project("{2150E333-8FDC-42A3-9474-1A3956D46DE8}") = "Tests", "Tests", "{02EA681E-C7D8-13C7-8484-4AC65E1B71E8}"
EndProject
Global
	GlobalSection(SolutionConfigurationPlatforms) = preSolution
		Debug|Any CPU = Debug|Any CPU
		Debug|x64 = Debug|x64
		Debug|x86 = Debug|x86
		Release|Any CPU = Release|Any CPU
		Release|x64 = Release|x64
		Release|x86 = Release|x86
	EndGlobalSection
	GlobalSection(ProjectConfigurationPlatforms) = postSolution
		{A5416E86-E977-400C-9E69-A46BBAD50677}.Debug|Any CPU.ActiveCfg = Debug|Any CPU
		{A5416E86-E977-400C-9E69-A46BBAD50677}.Debug|Any CPU.Build.0 = Debug|Any CPU
		{A5416E86-E977-400C-9E69-A46BBAD50677}.Debug|x64.ActiveCfg = Debug|Any CPU
		{A5416E86-E977-400C-9E69-A46BBAD50677}.Debug|x64.Build.0 = Debug|Any CPU
		{A5416E86-E977-400C-9E69-A46BBAD50677}.Debug|x86.ActiveCfg = Debug|Any CPU
		{A5416E86-E977-400C-9E69-A46BBAD50677}.Debug|x86.Build.0 = Debug|Any CPU
		{A5416E86-E977-400C-9E69-A46BBAD50677}.Release|Any CPU.ActiveCfg = Release|Any CPU
		{A5416E86-E977-400C-9E69-A46BBAD50677}.Release|Any CPU.Build.0 = Release|Any CPU
		{A5416E86-E977-400C-9E69-A46BBAD50677}.Release|x64.ActiveCfg = Release|Any CPU
		{A5416E86-E977-400C-9E69-A46BBAD50677}.Release|x64.Build.0 = Release|Any CPU
		{A5416E86-E977-400C-9E69-A46BBAD50677}.Release|x86.ActiveCfg = Release|Any CPU
		{A5416E86-E977-400C-9E69-A46BBAD50677}.Release|x86.Build.0 = Release|Any CPU
		{58D8B239-32AC-8716-1CD8-C2BF6278F737}.Debug|Any CPU.ActiveCfg = Debug|Any CPU
		{58D8B239-32AC-8716-1CD8-C2BF6278F737}.Debug|Any CPU.Build.0 = Debug|Any CPU
		{58D8B239-32AC-8716-1CD8-C2BF6278F737}.Debug|x64.ActiveCfg = Debug|Any CPU
		{58D8B239-32AC-8716-1CD8-C2BF6278F737}.Debug|x64.Build.0 = Debug|Any CPU
		{58D8B239-32AC-8716-1CD8-C2BF6278F737}.Debug|x86.ActiveCfg = Debug|Any CPU
		{58D8B239-32AC-8716-1CD8-C2BF6278F737}.Debug|x86.Build.0 = Debug|Any CPU
		{58D8B239-32AC-8716-1CD8-C2BF6278F737}.Release|Any CPU.ActiveCfg = Release|Any CPU
		{58D8B239-32AC-8716-1CD8-C2BF6278F737}.Release|Any CPU.Build.0 = Release|Any CPU
		{58D8B239-32AC-8716-1CD8-C2BF6278F737}.Release|x64.ActiveCfg = Release|Any CPU
		{58D8B239-32AC-8716-1CD8-C2BF6278F737}.Release|x64.Build.0 = Release|Any CPU
		{58D8B239-32AC-8716-1CD8-C2BF6278F737}.Release|x86.ActiveCfg = Release|Any CPU
		{58D8B239-32AC-8716-1CD8-C2BF6278F737}.Release|x86.Build.0 = Release|Any CPU
		{50D41215-4D6F-4061-990E-A809DF128F49}.Debug|Any CPU.ActiveCfg = Debug|Any CPU
		{50D41215-4D6F-4061-990E-A809DF128F49}.Debug|Any CPU.Build.0 = Debug|Any CPU
		{50D41215-4D6F-4061-990E-A809DF128F49}.Debug|x64.ActiveCfg = Debug|Any CPU
		{50D41215-4D6F-4061-990E-A809DF128F49}.Debug|x64.Build.0 = Debug|Any CPU
		{50D41215-4D6F-4061-990E-A809DF128F49}.Debug|x86.ActiveCfg = Debug|Any CPU
		{50D41215-4D6F-4061-990E-A809DF128F49}.Debug|x86.Build.0 = Debug|Any CPU
		{50D41215-4D6F-4061-990E-A809DF128F49}.Release|Any CPU.ActiveCfg = Release|Any CPU
		{50D41215-4D6F-4061-990E-A809DF128F49}.Release|Any CPU.Build.0 = Release|Any CPU
		{50D41215-4D6F-4061-990E-A809DF128F49}.Release|x64.ActiveCfg = Release|Any CPU
		{50D41215-4D6F-4061-990E-A809DF128F49}.Release|x64.Build.0 = Release|Any CPU
		{50D41215-4D6F-4061-990E-A809DF128F49}.Release|x86.ActiveCfg = Release|Any CPU
		{50D41215-4D6F-4061-990E-A809DF128F49}.Release|x86.Build.0 = Release|Any CPU
		{E351F1D6-1F37-48BC-AC4A-4594DD0CCD0F}.Debug|Any CPU.ActiveCfg = Debug|Any CPU
		{E351F1D6-1F37-48BC-AC4A-4594DD0CCD0F}.Debug|Any CPU.Build.0 = Debug|Any CPU
		{E351F1D6-1F37-48BC-AC4A-4594DD0CCD0F}.Debug|x64.ActiveCfg = Debug|Any CPU
		{E351F1D6-1F37-48BC-AC4A-4594DD0CCD0F}.Debug|x64.Build.0 = Debug|Any CPU
		{E351F1D6-1F37-48BC-AC4A-4594DD0CCD0F}.Debug|x86.ActiveCfg = Debug|Any CPU
		{E351F1D6-1F37-48BC-AC4A-4594DD0CCD0F}.Debug|x86.Build.0 = Debug|Any CPU
		{E351F1D6-1F37-48BC-AC4A-4594DD0CCD0F}.Release|Any CPU.ActiveCfg = Release|Any CPU
		{E351F1D6-1F37-48BC-AC4A-4594DD0CCD0F}.Release|Any CPU.Build.0 = Release|Any CPU
		{E351F1D6-1F37-48BC-AC4A-4594DD0CCD0F}.Release|x64.ActiveCfg = Release|Any CPU
		{E351F1D6-1F37-48BC-AC4A-4594DD0CCD0F}.Release|x64.Build.0 = Release|Any CPU
		{E351F1D6-1F37-48BC-AC4A-4594DD0CCD0F}.Release|x86.ActiveCfg = Release|Any CPU
		{E351F1D6-1F37-48BC-AC4A-4594DD0CCD0F}.Release|x86.Build.0 = Release|Any CPU
	EndGlobalSection
	GlobalSection(SolutionProperties) = preSolution
		HideSolutionNode = FALSE
	EndGlobalSection
	GlobalSection(NestedProjects) = preSolution
		{E351F1D6-1F37-48BC-AC4A-4594DD0CCD0F} = {02EA681E-C7D8-13C7-8484-4AC65E1B71E8}
	EndGlobalSection
	GlobalSection(ExtensibilityGlobals) = postSolution
		SolutionGuid = {E645AED0-93C6-4CBE-91E5-8767BFAEE1FA}
	EndGlobalSection
EndGlobal
